Microsoft Visual Studio Solution File, Format Version 12.00
# Visual Studio Version 17
VisualStudioVersion = 17.5.2.0
MinimumVisualStudioVersion = 10.0.40219.1
Project("{FAE04EC0-301F-11D3-BF4B-00C04F79EFBC}") = "FernandesVeiculos", "FernandesVeiculos\FernandesVeiculos.csproj", "{92FA8D02-234D-F657-108C-139EB65A3B5C}"
EndProject
Global
	GlobalSection(SolutionConfigurationPlatforms) = preSolution
		Debug|Any CPU = Debug|Any CPU
		Release|Any CPU = Release|Any CPU
	EndGlobalSection
	GlobalSection(ProjectConfigurationPlatforms) = postSolution
		{92FA8D02-234D-F657-108C-139EB65A3B5C}.Debug|Any CPU.ActiveCfg = Debug|Any CPU
		{92FA8D02-234D-F657-108C-139EB65A3B5C}.Debug|Any CPU.Build.0 = Debug|Any CPU
		{92FA8D02-234D-F657-108C-139EB65A3B5C}.Release|Any CPU.ActiveCfg = Release|Any CPU
		{92FA8D02-234D-F657-108C-139EB65A3B5C}.Release|Any CPU.Build.0 = Release|Any CPU
	EndGlobalSection
	GlobalSection(SolutionProperties) = preSolution
		HideSolutionNode = FALSE
	EndGlobalSection
	GlobalSection(ExtensibilityGlobals) = postSolution
		SolutionGuid = {5A0BC632-0147-4A77-99D9-69B79EFEB6C8}
	EndGlobalSection
EndGlobal
